// !$*UTF8*$!
{
	archiveVersion = 1;
	classes = {
	};
	objectVersion = 50;
	objects = {

/* Begin PBXBuildFile section */
		047871CE26704D210000D7EB /* AppDelegate.swift in Sources */ = {isa = PBXBuildFile; fileRef = 047871CD26704D210000D7EB /* AppDelegate.swift */; };
		047871D026704D210000D7EB /* SceneDelegate.swift in Sources */ = {isa = PBXBuildFile; fileRef = 047871CF26704D210000D7EB /* SceneDelegate.swift */; };
		047871D226704D210000D7EB /* ViewController.swift in Sources */ = {isa = PBXBuildFile; fileRef = 047871D126704D210000D7EB /* ViewController.swift */; };
		047871D526704D210000D7EB /* Main.storyboard in Resources */ = {isa = PBXBuildFile; fileRef = 047871D326704D210000D7EB /* Main.storyboard */; };
		047871D826704D210000D7EB /* swift_test.xcdatamodeld in Sources */ = {isa = PBXBuildFile; fileRef = 047871D626704D210000D7EB /* swift_test.xcdatamodeld */; };
		047871DA26704D240000D7EB /* Assets.xcassets in Resources */ = {isa = PBXBuildFile; fileRef = 047871D926704D240000D7EB /* Assets.xcassets */; };
		047871DD26704D240000D7EB /* LaunchScreen.storyboard in Resources */ = {isa = PBXBuildFile; fileRef = 047871DB26704D240000D7EB /* LaunchScreen.storyboard */; };
		047871E826704D240000D7EB /* swift_testTests.swift in Sources */ = {isa = PBXBuildFile; fileRef = 047871E726704D240000D7EB /* swift_testTests.swift */; };
		047871F326704D240000D7EB /* swift_testUITests.swift in Sources */ = {isa = PBXBuildFile; fileRef = 047871F226704D240000D7EB /* swift_testUITests.swift */; };
/* End PBXBuildFile section */

/* Begin PBXContainerItemProxy section */
		047871E426704D240000D7EB /* PBXContainerItemProxy */ = {
			isa = PBXContainerItemProxy;
			containerPortal = 047871C226704D200000D7EB /* Project object */;
			proxyType = 1;
			remoteGlobalIDString = 047871C926704D200000D7EB;
			remoteInfo = swift_test;
		};
		047871EF26704D240000D7EB /* PBXContainerItemProxy */ = {
			isa = PBXContainerItemProxy;
			containerPortal = 047871C226704D200000D7EB /* Project object */;
			proxyType = 1;
			remoteGlobalIDString = 047871C926704D200000D7EB;
			remoteInfo = swift_test;
		};
/* End PBXContainerItemProxy section */

/* Begin PBXFileReference section */
		047871CA26704D210000D7EB /* swift_test.app */ = {isa = PBXFileReference; explicitFileType = wrapper.application; includeInIndex = 0; path = swift_test.app; sourceTree = BUILT_PRODUCTS_DIR; };
		047871CD26704D210000D7EB /* AppDelegate.swift */ = {isa = PBXFileReference; lastKnownFileType = sourcecode.swift; path = AppDelegate.swift; sourceTree = "<group>"; };
		047871CF26704D210000D7EB /* SceneDelegate.swift */ = {isa = PBXFileReference; lastKnownFileType = sourcecode.swift; path = SceneDelegate.swift; sourceTree = "<group>"; };
		047871D126704D210000D7EB /* ViewController.swift */ = {isa = PBXFileReference; lastKnownFileType = sourcecode.swift; path = ViewController.swift; sourceTree = "<group>"; };
		047871D426704D210000D7EB /* Base */ = {isa = PBXFileReference; lastKnownFileType = file.storyboard; name = Base; path = Base.lproj/Main.storyboard; sourceTree = "<group>"; };
		047871D726704D210000D7EB /* swift_test.xcdatamodel */ = {isa = PBXFileReference; lastKnownFileType = wrapper.xcdatamodel; path = swift_test.xcdatamodel; sourceTree = "<group>"; };
		047871D926704D240000D7EB /* Assets.xcassets */ = {isa = PBXFileReference; lastKnownFileType = folder.assetcatalog; path = Assets.xcassets; sourceTree = "<group>"; };
		047871DC26704D240000D7EB /* Base */ = {isa = PBXFileReference; lastKnownFileType = file.storyboard; name = Base; path = Base.lproj/LaunchScreen.storyboard; sourceTree = "<group>"; };
		047871DE26704D240000D7EB /* Info.plist */ = {isa = PBXFileReference; lastKnownFileType = text.plist.xml; path = Info.plist; sourceTree = "<group>"; };
		047871E326704D240000D7EB /* swift_testTests.xctest */ = {isa = PBXFileReference; explicitFileType = wrapper.cfbundle; includeInIndex = 0; path = swift_testTests.xctest; sourceTree = BUILT_PRODUCTS_DIR; };
		047871E726704D240000D7EB /* swift_testTests.swift */ = {isa = PBXFileReference; lastKnownFileType = sourcecode.swift; path = swift_testTests.swift; sourceTree = "<group>"; };
		047871E926704D240000D7EB /* Info.plist */ = {isa = PBXFileReference; lastKnownFileType = text.plist.xml; path = Info.plist; sourceTree = "<group>"; };
		047871EE26704D240000D7EB /* swift_testUITests.xctest */ = {isa = PBXFileReference; explicitFileType = wrapper.cfbundle; includeInIndex = 0; path = swift_testUITests.xctest; sourceTree = BUILT_PRODUCTS_DIR; };
		047871F226704D240000D7EB /* swift_testUITests.swift */ = {isa = PBXFileReference; lastKnownFileType = sourcecode.swift; path = swift_testUITests.swift; sourceTree = "<group>"; };
		047871F426704D240000D7EB /* Info.plist */ = {isa = PBXFileReference; lastKnownFileType = text.plist.xml; path = Info.plist; sourceTree = "<group>"; };
/* End PBXFileReference section */

/* Begin PBXFrameworksBuildPhase section */
		047871C726704D200000D7EB /* Frameworks */ = {
			isa = PBXFrameworksBuildPhase;
			buildActionMask = 2147483647;
			files = (
			);
			runOnlyForDeploymentPostprocessing = 0;
		};
		047871E026704D240000D7EB /* Frameworks */ = {
			isa = PBXFrameworksBuildPhase;
			buildActionMask = 2147483647;
			files = (
			);
			runOnlyForDeploymentPostprocessing = 0;
		};
		047871EB26704D240000D7EB /* Frameworks */ = {
			isa = PBXFrameworksBuildPhase;
			buildActionMask = 2147483647;
			files = (
			);
			runOnlyForDeploymentPostprocessing = 0;
		};
/* End PBXFrameworksBuildPhase section */

/* Begin PBXGroup section */
		047871C126704D200000D7EB = {
			isa = PBXGroup;
			children = (
				047871CC26704D210000D7EB /* swift_test */,
				047871E626704D240000D7EB /* swift_testTests */,
				047871F126704D240000D7EB /* swift_testUITests */,
				047871CB26704D210000D7EB /* Products */,
			);
			sourceTree = "<group>";
		};
		047871CB26704D210000D7EB /* Products */ = {
			isa = PBXGroup;
			children = (
				047871CA26704D210000D7EB /* swift_test.app */,
				047871E326704D240000D7EB /* swift_testTests.xctest */,
				047871EE26704D240000D7EB /* swift_testUITests.xctest */,
			);
			name = Products;
			sourceTree = "<group>";
		};
		047871CC26704D210000D7EB /* swift_test */ = {
			isa = PBXGroup;
			children = (
				047871CD26704D210000D7EB /* AppDelegate.swift */,
				047871CF26704D210000D7EB /* SceneDelegate.swift */,
				047871D126704D210000D7EB /* ViewController.swift */,
				047871D326704D210000D7EB /* Main.storyboard */,
				047871D926704D240000D7EB /* Assets.xcassets */,
				047871DB26704D240000D7EB /* LaunchScreen.storyboard */,
				047871DE26704D240000D7EB /* Info.plist */,
				047871D626704D210000D7EB /* swift_test.xcdatamodeld */,
			);
			path = swift_test;
			sourceTree = "<group>";
		};
		047871E626704D240000D7EB /* swift_testTests */ = {
			isa = PBXGroup;
			children = (
				047871E726704D240000D7EB /* swift_testTests.swift */,
				047871E926704D240000D7EB /* Info.plist */,
			);
			path = swift_testTests;
			sourceTree = "<group>";
		};
		047871F126704D240000D7EB /* swift_testUITests */ = {
			isa = PBXGroup;
			children = (
				047871F226704D240000D7EB /* swift_testUITests.swift */,
				047871F426704D240000D7EB /* Info.plist */,
			);
			path = swift_testUITests;
			sourceTree = "<group>";
		};
/* End PBXGroup section */

/* Begin PBXNativeTarget section */
		047871C926704D200000D7EB /* swift_test */ = {
			isa = PBXNativeTarget;
			buildConfigurationList = 047871F726704D240000D7EB /* Build configuration list for PBXNativeTarget "swift_test" */;
			buildPhases = (
				047871C626704D200000D7EB /* Sources */,
				047871C726704D200000D7EB /* Frameworks */,
				047871C826704D200000D7EB /* Resources */,
			);
			buildRules = (
			);
			dependencies = (
			);
			name = swift_test;
			productName = swift_test;
			productReference = 047871CA26704D210000D7EB /* swift_test.app */;
			productType = "com.apple.product-type.application";
		};
		047871E226704D240000D7EB /* swift_testTests */ = {
			isa = PBXNativeTarget;
			buildConfigurationList = 047871FA26704D240000D7EB /* Build configuration list for PBXNativeTarget "swift_testTests" */;
			buildPhases = (
				047871DF26704D240000D7EB /* Sources */,
				047871E026704D240000D7EB /* Frameworks */,
				047871E126704D240000D7EB /* Resources */,
			);
			buildRules = (
			);
			dependencies = (
				047871E526704D240000D7EB /* PBXTargetDependency */,
			);
			name = swift_testTests;
			productName = swift_testTests;
			productReference = 047871E326704D240000D7EB /* swift_testTests.xctest */;
			productType = "com.apple.product-type.bundle.unit-test";
		};
		047871ED26704D240000D7EB /* swift_testUITests */ = {
			isa = PBXNativeTarget;
			buildConfigurationList = 047871FD26704D240000D7EB /* Build configuration list for PBXNativeTarget "swift_testUITests" */;
			buildPhases = (
				047871EA26704D240000D7EB /* Sources */,
				047871EB26704D240000D7EB /* Frameworks */,
				047871EC26704D240000D7EB /* Resources */,
			);
			buildRules = (
			);
			dependencies = (
				047871F026704D240000D7EB /* PBXTargetDependency */,
			);
			name = swift_testUITests;
			productName = swift_testUITests;
			productReference = 047871EE26704D240000D7EB /* swift_testUITests.xctest */;
			productType = "com.apple.product-type.bundle.ui-testing";
		};
/* End PBXNativeTarget section */

/* Begin PBXProject section */
		047871C226704D200000D7EB /* Project object */ = {
			isa = PBXProject;
			attributes = {
				LastSwiftUpdateCheck = 1240;
				LastUpgradeCheck = 1240;
				TargetAttributes = {
					047871C926704D200000D7EB = {
						CreatedOnToolsVersion = 12.4;
					};
					047871E226704D240000D7EB = {
						CreatedOnToolsVersion = 12.4;
						TestTargetID = 047871C926704D200000D7EB;
					};
					047871ED26704D240000D7EB = {
						CreatedOnToolsVersion = 12.4;
						TestTargetID = 047871C926704D200000D7EB;
					};
				};
			};
			buildConfigurationList = 047871C526704D200000D7EB /* Build configuration list for PBXProject "swift_test" */;
			compatibilityVersion = "Xcode 9.3";
			developmentRegion = en;
			hasScannedForEncodings = 0;
			knownRegions = (
				en,
				Base,
			);
			mainGroup = 047871C126704D200000D7EB;
			productRefGroup = 047871CB26704D210000D7EB /* Products */;
			projectDirPath = "";
			projectRoot = "";
			targets = (
				047871C926704D200000D7EB /* swift_test */,
				047871E226704D240000D7EB /* swift_testTests */,
				047871ED26704D240000D7EB /* swift_testUITests */,
			);
		};
/* End PBXProject section */

/* Begin PBXResourcesBuildPhase section */
		047871C826704D200000D7EB /* Resources */ = {
			isa = PBXResourcesBuildPhase;
			buildActionMask = 2147483647;
			files = (
				047871DD26704D240000D7EB /* LaunchScreen.storyboard in Resources */,
				047871DA26704D240000D7EB /* Assets.xcassets in Resources */,
				047871D526704D210000D7EB /* Main.storyboard in Resources */,
			);
			runOnlyForDeploymentPostprocessing = 0;
		};
		047871E126704D240000D7EB /* Resources */ = {
			isa = PBXResourcesBuildPhase;
			buildActionMask = 2147483647;
			files = (
			);
			runOnlyForDeploymentPostprocessing = 0;
		};
		047871EC26704D240000D7EB /* Resources */ = {
			isa = PBXResourcesBuildPhase;
			buildActionMask = 2147483647;
			files = (
			);
			runOnlyForDeploymentPostprocessing = 0;
		};
/* End PBXResourcesBuildPhase section */

/* Begin PBXSourcesBuildPhase section */
		047871C626704D200000D7EB /* Sources */ = {
			isa = PBXSourcesBuildPhase;
			buildActionMask = 2147483647;
			files = (
				047871D226704D210000D7EB /* ViewController.swift in Sources */,
				047871CE26704D210000D7EB /* AppDelegate.swift in Sources */,
				047871D026704D210000D7EB /* SceneDelegate.swift in Sources */,
				047871D826704D210000D7EB /* swift_test.xcdatamodeld in Sources */,
			);
			runOnlyForDeploymentPostprocessing = 0;
		};
		047871DF26704D240000D7EB /* Sources */ = {
			isa = PBXSourcesBuildPhase;
			buildActionMask = 2147483647;
			files = (
				047871E826704D240000D7EB /* swift_testTests.swift in Sources */,
			);
			runOnlyForDeploymentPostprocessing = 0;
		};
		047871EA26704D240000D7EB /* Sources */ = {
			isa = PBXSourcesBuildPhase;
			buildActionMask = 2147483647;
			files = (
				047871F326704D240000D7EB /* swift_testUITests.swift in Sources */,
			);
			runOnlyForDeploymentPostprocessing = 0;
		};
/* End PBXSourcesBuildPhase section */

/* Begin PBXTargetDependency section */
		047871E526704D240000D7EB /* PBXTargetDependency */ = {
			isa = PBXTargetDependency;
			target = 047871C926704D200000D7EB /* swift_test */;
			targetProxy = 047871E426704D240000D7EB /* PBXContainerItemProxy */;
		};
		047871F026704D240000D7EB /* PBXTargetDependency */ = {
			isa = PBXTargetDependency;
			target = 047871C926704D200000D7EB /* swift_test */;
			targetProxy = 047871EF26704D240000D7EB /* PBXContainerItemProxy */;
		};
/* End PBXTargetDependency section */

/* Begin PBXVariantGroup section */
		047871D326704D210000D7EB /* Main.storyboard */ = {
			isa = PBXVariantGroup;
			children = (
				047871D426704D210000D7EB /* Base */,
			);
			name = Main.storyboard;
			sourceTree = "<group>";
		};
		047871DB26704D240000D7EB /* LaunchScreen.storyboard */ = {
			isa = PBXVariantGroup;
			children = (
				047871DC26704D240000D7EB /* Base */,
			);
			name = LaunchScreen.storyboard;
			sourceTree = "<group>";
		};
/* End PBXVariantGroup section */

/* Begin XCBuildConfiguration section */
		047871F526704D240000D7EB /* Debug */ = {
			isa = XCBuildConfiguration;
			buildSettings = {
				ALWAYS_SEARCH_USER_PATHS = NO;
				CLANG_ANALYZER_NONNULL = YES;
				CLANG_ANALYZER_NUMBER_OBJECT_CONVERSION = YES_AGGRESSIVE;
				CLANG_CXX_LANGUAGE_STANDARD = "gnu++14";
				CLANG_CXX_LIBRARY = "libc++";
				CLANG_ENABLE_MODULES = YES;
				CLANG_ENABLE_OBJC_ARC = YES;
				CLANG_ENABLE_OBJC_WEAK = YES;
				CLANG_WARN_BLOCK_CAPTURE_AUTORELEASING = YES;
				CLANG_WARN_BOOL_CONVERSION = YES;
				CLANG_WARN_COMMA = YES;
				CLANG_WARN_CONSTANT_CONVERSION = YES;
				CLANG_WARN_DEPRECATED_OBJC_IMPLEMENTATIONS = YES;
				CLANG_WARN_DIRECT_OBJC_ISA_USAGE = YES_ERROR;
				CLANG_WARN_DOCUMENTATION_COMMENTS = YES;
				CLANG_WARN_EMPTY_BODY = YES;
				CLANG_WARN_ENUM_CONVERSION = YES;
				CLANG_WARN_INFINITE_RECURSION = YES;
				CLANG_WARN_INT_CONVERSION = YES;
				CLANG_WARN_NON_LITERAL_NULL_CONVERSION = YES;
				CLANG_WARN_OBJC_IMPLICIT_RETAIN_SELF = YES;
				CLANG_WARN_OBJC_LITERAL_CONVERSION = YES;
				CLANG_WARN_OBJC_ROOT_CLASS = YES_ERROR;
				CLANG_WARN_QUOTED_INCLUDE_IN_FRAMEWORK_HEADER = YES;
				CLANG_WARN_RANGE_LOOP_ANALYSIS = YES;
				CLANG_WARN_STRICT_PROTOTYPES = YES;
				CLANG_WARN_SUSPICIOUS_MOVE = YES;
				CLANG_WARN_UNGUARDED_AVAILABILITY = YES_AGGRESSIVE;
				CLANG_WARN_UNREACHABLE_CODE = YES;
				CLANG_WARN__DUPLICATE_METHOD_MATCH = YES;
				COPY_PHASE_STRIP = NO;
				DEBUG_INFORMATION_FORMAT = dwarf;
				ENABLE_STRICT_OBJC_MSGSEND = YES;
				ENABLE_TESTABILITY = YES;
				GCC_C_LANGUAGE_STANDARD = gnu11;
				GCC_DYNAMIC_NO_PIC = NO;
				GCC_NO_COMMON_BLOCKS = YES;
				GCC_OPTIMIZATION_LEVEL = 0;
				GCC_PREPROCESSOR_DEFINITIONS = (
					"DEBUG=1",
					"$(inherited)",
				);
				GCC_WARN_64_TO_32_BIT_CONVERSION = YES;
				GCC_WARN_ABOUT_RETURN_TYPE = YES_ERROR;
				GCC_WARN_UNDECLARED_SELECTOR = YES;
				GCC_WARN_UNINITIALIZED_AUTOS = YES_AGGRESSIVE;
				GCC_WARN_UNUSED_FUNCTION = YES;
				GCC_WARN_UNUSED_VARIABLE = YES;
				IPHONEOS_DEPLOYMENT_TARGET = 14.4;
				MTL_ENABLE_DEBUG_INFO = INCLUDE_SOURCE;
				MTL_FAST_MATH = YES;
				ONLY_ACTIVE_ARCH = YES;
				SDKROOT = iphoneos;
				SWIFT_ACTIVE_COMPILATION_CONDITIONS = DEBUG;
				SWIFT_OPTIMIZATION_LEVEL = "-Onone";
			};
			name = Debug;
		};
		047871F626704D240000D7EB /* Release */ = {
			isa = XCBuildConfiguration;
			buildSettings = {
				ALWAYS_SEARCH_USER_PATHS = NO;
				CLANG_ANALYZER_NONNULL = YES;
				CLANG_ANALYZER_NUMBER_OBJECT_CONVERSION = YES_AGGRESSIVE;
				CLANG_CXX_LANGUAGE_STANDARD = "gnu++14";
				CLANG_CXX_LIBRARY = "libc++";
				CLANG_ENABLE_MODULES = YES;
				CLANG_ENABLE_OBJC_ARC = YES;
				CLANG_ENABLE_OBJC_WEAK = YES;
				CLANG_WARN_BLOCK_CAPTURE_AUTORELEASING = YES;
				CLANG_WARN_BOOL_CONVERSION = YES;
				CLANG_WARN_COMMA = YES;
				CLANG_WARN_CONSTANT_CONVERSION = YES;
				CLANG_WARN_DEPRECATED_OBJC_IMPLEMENTATIONS = YES;
				CLANG_WARN_DIRECT_OBJC_ISA_USAGE = YES_ERROR;
				CLANG_WARN_DOCUMENTATION_COMMENTS = YES;
				CLANG_WARN_EMPTY_BODY = YES;
				CLANG_WARN_ENUM_CONVERSION = YES;
				CLANG_WARN_INFINITE_RECURSION = YES;
				CLANG_WARN_INT_CONVERSION = YES;
				CLANG_WARN_NON_LITERAL_NULL_CONVERSION = YES;
				CLANG_WARN_OBJC_IMPLICIT_RETAIN_SELF = YES;
				CLANG_WARN_OBJC_LITERAL_CONVERSION = YES;
				CLANG_WARN_OBJC_ROOT_CLASS = YES_ERROR;
				CLANG_WARN_QUOTED_INCLUDE_IN_FRAMEWORK_HEADER = YES;
				CLANG_WARN_RANGE_LOOP_ANALYSIS = YES;
				CLANG_WARN_STRICT_PROTOTYPES = YES;
				CLANG_WARN_SUSPICIOUS_MOVE = YES;
				CLANG_WARN_UNGUARDED_AVAILABILITY = YES_AGGRESSIVE;
				CLANG_WARN_UNREACHABLE_CODE = YES;
				CLANG_WARN__DUPLICATE_METHOD_MATCH = YES;
				COPY_PHASE_STRIP = NO;
				DEBUG_INFORMATION_FORMAT = "dwarf-with-dsym";
				ENABLE_NS_ASSERTIONS = NO;
				ENABLE_STRICT_OBJC_MSGSEND = YES;
				GCC_C_LANGUAGE_STANDARD = gnu11;
				GCC_NO_COMMON_BLOCKS = YES;
				GCC_WARN_64_TO_32_BIT_CONVERSION = YES;
				GCC_WARN_ABOUT_RETURN_TYPE = YES_ERROR;
				GCC_WARN_UNDECLARED_SELECTOR = YES;
				GCC_WARN_UNINITIALIZED_AUTOS = YES_AGGRESSIVE;
				GCC_WARN_UNUSED_FUNCTION = YES;
				GCC_WARN_UNUSED_VARIABLE = YES;
				IPHONEOS_DEPLOYMENT_TARGET = 14.4;
				MTL_ENABLE_DEBUG_INFO = NO;
				MTL_FAST_MATH = YES;
				SDKROOT = iphoneos;
				SWIFT_COMPILATION_MODE = wholemodule;
				SWIFT_OPTIMIZATION_LEVEL = "-O";
				VALIDATE_PRODUCT = YES;
			};
			name = Release;
		};
		047871F826704D240000D7EB /* Debug */ = {
			isa = XCBuildConfiguration;
			buildSettings = {
				ASSETCATALOG_COMPILER_APPICON_NAME = AppIcon;
				ASSETCATALOG_COMPILER_GLOBAL_ACCENT_COLOR_NAME = AccentColor;
				CODE_SIGN_STYLE = Automatic;
				DEVELOPMENT_TEAM = XJJ9SS5CPV;
				INFOPLIST_FILE = swift_test/Info.plist;
				LD_RUNPATH_SEARCH_PATHS = (
					"$(inherited)",
					"@executable_path/Frameworks",
				);
				PRODUCT_BUNDLE_IDENTIFIER = "BYBJ.swift-test";
				PRODUCT_NAME = "$(TARGET_NAME)";
				SWIFT_VERSION = 5.0;
				TARGETED_DEVICE_FAMILY = "1,2";
			};
			name = Debug;
		};
		047871F926704D240000D7EB /* Release */ = {
			isa = XCBuildConfiguration;
			buildSettings = {
				ASSETCATALOG_COMPILER_APPICON_NAME = AppIcon;
				ASSETCATALOG_COMPILER_GLOBAL_ACCENT_COLOR_NAME = AccentColor;
				CODE_SIGN_STYLE = Automatic;
				DEVELOPMENT_TEAM = XJJ9SS5CPV;
				INFOPLIST_FILE = swift_test/Info.plist;
				LD_RUNPATH_SEARCH_PATHS = (
					"$(inherited)",
					"@executable_path/Frameworks",
				);
				PRODUCT_BUNDLE_IDENTIFIER = "BYBJ.swift-test";
				PRODUCT_NAME = "$(TARGET_NAME)";
				SWIFT_VERSION = 5.0;
				TARGETED_DEVICE_FAMILY = "1,2";
			};
			name = Release;
		};
		047871FB26704D240000D7EB /* Debug */ = {
			isa = XCBuildConfiguration;
			buildSettings = {
				ALWAYS_EMBED_SWIFT_STANDARD_LIBRARIES = YES;
				BUNDLE_LOADER = "$(TEST_HOST)";
				CODE_SIGN_STYLE = Automatic;
				DEVELOPMENT_TEAM = XJJ9SS5CPV;
				INFOPLIST_FILE = swift_testTests/Info.plist;
				IPHONEOS_DEPLOYMENT_TARGET = 14.4;
				LD_RUNPATH_SEARCH_PATHS = (
					"$(inherited)",
					"@executable_path/Frameworks",
					"@loader_path/Frameworks",
				);
				PRODUCT_BUNDLE_IDENTIFIER = "BYBJ.swift-testTests";
				PRODUCT_NAME = "$(TARGET_NAME)";
				SWIFT_VERSION = 5.0;
				TARGETED_DEVICE_FAMILY = "1,2";
				TEST_HOST = "$(BUILT_PRODUCTS_DIR)/swift_test.app/swift_test";
			};
			name = Debug;
		};
		047871FC26704D240000D7EB /* Release */ = {
			isa = XCBuildConfiguration;
			buildSettings = {
				ALWAYS_EMBED_SWIFT_STANDARD_LIBRARIES = YES;
				BUNDLE_LOADER = "$(TEST_HOST)";
				CODE_SIGN_STYLE = Automatic;
				DEVELOPMENT_TEAM = XJJ9SS5CPV;
				INFOPLIST_FILE = swift_testTests/Info.plist;
				IPHONEOS_DEPLOYMENT_TARGET = 14.4;
				LD_RUNPATH_SEARCH_PATHS = (
					"$(inherited)",
					"@executable_path/Frameworks",
					"@loader_path/Frameworks",
				);
				PRODUCT_BUNDLE_IDENTIFIER = "BYBJ.swift-testTests";
				PRODUCT_NAME = "$(TARGET_NAME)";
				SWIFT_VERSION = 5.0;
				TARGETED_DEVICE_FAMILY = "1,2";
				TEST_HOST = "$(BUILT_PRODUCTS_DIR)/swift_test.app/swift_test";
			};
			name = Release;
		};
		047871FE26704D240000D7EB /* Debug */ = {
			isa = XCBuildConfiguration;
			buildSettings = {
				ALWAYS_EMBED_SWIFT_STANDARD_LIBRARIES = YES;
				CODE_SIGN_STYLE = Automatic;
				DEVELOPMENT_TEAM = XJJ9SS5CPV;
				INFOPLIST_FILE = swift_testUITests/Info.plist;
				LD_RUNPATH_SEARCH_PATHS = (
					"$(inherited)",
					"@executable_path/Frameworks",
					"@loader_path/Frameworks",
				);
				PRODUCT_BUNDLE_IDENTIFIER = "BYBJ.swift-testUITests";
				PRODUCT_NAME = "$(TARGET_NAME)";
				SWIFT_VERSION = 5.0;
				TARGETED_DEVICE_FAMILY = "1,2";
				TEST_TARGET_NAME = swift_test;
			};
			name = Debug;
		};
		047871FF26704D240000D7EB /* Release */ = {
			isa = XCBuildConfiguration;
			buildSettings = {
				ALWAYS_EMBED_SWIFT_STANDARD_LIBRARIES = YES;
				CODE_SIGN_STYLE = Automatic;
				DEVELOPMENT_TEAM = XJJ9SS5CPV;
				INFOPLIST_FILE = swift_testUITests/Info.plist;
				LD_RUNPATH_SEARCH_PATHS = (
					"$(inherited)",
					"@executable_path/Frameworks",
					"@loader_path/Frameworks",
				);
				PRODUCT_BUNDLE_IDENTIFIER = "BYBJ.swift-testUITests";
				PRODUCT_NAME = "$(TARGET_NAME)";
				SWIFT_VERSION = 5.0;
				TARGETED_DEVICE_FAMILY = "1,2";
				TEST_TARGET_NAME = swift_test;
			};
			name = Release;
		};
/* End XCBuildConfiguration section */

/* Begin XCConfigurationList section */
		047871C526704D200000D7EB /* Build configuration list for PBXProject "swift_test" */ = {
			isa = XCConfigurationList;
			buildConfigurations = (
				047871F526704D240000D7EB /* Debug */,
				047871F626704D240000D7EB /* Release */,
			);
			defaultConfigurationIsVisible = 0;
			defaultConfigurationName = Release;
		};
		047871F726704D240000D7EB /* Build configuration list for PBXNativeTarget "swift_test" */ = {
			isa = XCConfigurationList;
			buildConfigurations = (
				047871F826704D240000D7EB /* Debug */,
				047871F926704D240000D7EB /* Release */,
			);
			defaultConfigurationIsVisible = 0;
			defaultConfigurationName = Release;
		};
		047871FA26704D240000D7EB /* Build configuration list for PBXNativeTarget "swift_testTests" */ = {
			isa = XCConfigurationList;
			buildConfigurations = (
				047871FB26704D240000D7EB /* Debug */,
				047871FC26704D240000D7EB /* Release */,
			);
			defaultConfigurationIsVisible = 0;
			defaultConfigurationName = Release;
		};
		047871FD26704D240000D7EB /* Build configuration list for PBXNativeTarget "swift_testUITests" */ = {
			isa = XCConfigurationList;
			buildConfigurations = (
				047871FE26704D240000D7EB /* Debug */,
				047871FF26704D240000D7EB /* Release */,
			);
			defaultConfigurationIsVisible = 0;
			defaultConfigurationName = Release;
		};
/* End XCConfigurationList section */

/* Begin XCVersionGroup section */
		047871D626704D210000D7EB /* swift_test.xcdatamodeld */ = {
			isa = XCVersionGroup;
			children = (
				047871D726704D210000D7EB /* swift_test.xcdatamodel */,
			);
			currentVersion = 047871D726704D210000D7EB /* swift_test.xcdatamodel */;
			path = swift_test.xcdatamodeld;
			sourceTree = "<group>";
			versionGroupType = wrapper.xcdatamodel;
		};
/* End XCVersionGroup section */
	};
	rootObject = 047871C226704D200000D7EB /* Project object */;
}
